
Microsoft Visual Studio Solution File, Format Version 12.00
# Visual Studio Version 16
VisualStudioVersion = 16.0.31624.102
MinimumVisualStudioVersion = 10.0.40219.1
Project("{FAE04EC0-301F-11D3-BF4B-00C04F79EFBC}") = "CarPlusService", "CarPlusService\CarPlusService.csproj", "{DAEC4F50-7EE6-4FE5-830F-D5EDEF6E6559}"
EndProject
Global
	GlobalSection(SolutionConfigurationPlatforms) = preSolution
		Debug|Any CPU = Debug|Any CPU
		Release|Any CPU = Release|Any CPU
	EndGlobalSection
	GlobalSection(ProjectConfigurationPlatforms) = postSolution
		{DAEC4F50-7EE6-4FE5-830F-D5EDEF6E6559}.Debug|Any CPU.ActiveCfg = Debug|Any CPU
		{DAEC4F50-7EE6-4FE5-830F-D5EDEF6E6559}.Debug|Any CPU.Build.0 = Debug|Any CPU
		{DAEC4F50-7EE6-4FE5-830F-D5EDEF6E6559}.Release|Any CPU.ActiveCfg = Release|Any CPU
		{DAEC4F50-7EE6-4FE5-830F-D5EDEF6E6559}.Release|Any CPU.Build.0 = Release|Any CPU
	EndGlobalSection
	GlobalSection(SolutionProperties) = preSolution
		HideSolutionNode = FALSE
	EndGlobalSection
	GlobalSection(ExtensibilityGlobals) = postSolution
		SolutionGuid = {8C73738F-60A9-4068-B6B4-378491A380B0}
	EndGlobalSection
EndGlobal
